
Microsoft Visual Studio Solution File, Format Version 12.00
# Visual Studio Version 17
VisualStudioVersion = 17.9.34728.123
MinimumVisualStudioVersion = 10.0.40219.1
Project("{9A19103F-16F7-4668-BE54-9A1E7A4F7556}") = "RegistroTecnicos", "RegistroTecnicos\RegistroTecnicos.csproj", "{D9627443-2393-428B-8155-318A8F51733F}"
EndProject
Global
	GlobalSection(SolutionConfigurationPlatforms) = preSolution
		Debug|Any CPU = Debug|Any CPU
		Release|Any CPU = Release|Any CPU
	EndGlobalSection
	GlobalSection(ProjectConfigurationPlatforms) = postSolution
		{D9627443-2393-428B-8155-318A8F51733F}.Debug|Any CPU.ActiveCfg = Debug|Any CPU
		{D9627443-2393-428B-8155-318A8F51733F}.Debug|Any CPU.Build.0 = Debug|Any CPU
		{D9627443-2393-428B-8155-318A8F51733F}.Release|Any CPU.ActiveCfg = Release|Any CPU
		{D9627443-2393-428B-8155-318A8F51733F}.Release|Any CPU.Build.0 = Release|Any CPU
	EndGlobalSection
	GlobalSection(SolutionProperties) = preSolution
		HideSolutionNode = FALSE
	EndGlobalSection
	GlobalSection(ExtensibilityGlobals) = postSolution
		SolutionGuid = {97928435-1901-4373-80D9-50250FC9C9F3}
	EndGlobalSection
EndGlobal
